
Microsoft Visual Studio Solution File, Format Version 12.00
# Visual Studio 2013
VisualStudioVersion = 12.0.31101.0
MinimumVisualStudioVersion = 10.0.40219.1
Project("{FAE04EC0-301F-11D3-BF4B-00C04F79EFBC}") = "SequenceGenerator", "SequenceGenerator\SequenceGenerator.csproj", "{A004AFCD-18AA-484E-8336-8874409A497E}"
EndProject
Project("{FAE04EC0-301F-11D3-BF4B-00C04F79EFBC}") = "TestApp", "TestApp\TestApp.csproj", "{D382058C-BC1E-49AD-8988-AA4D3AE2EBF3}"
EndProject
Global
	GlobalSection(SolutionConfigurationPlatforms) = preSolution
		Debug|Any CPU = Debug|Any CPU
		Release|Any CPU = Release|Any CPU
	EndGlobalSection
	GlobalSection(ProjectConfigurationPlatforms) = postSolution
		{A004AFCD-18AA-484E-8336-8874409A497E}.Debug|Any CPU.ActiveCfg = Debug|Any CPU
		{A004AFCD-18AA-484E-8336-8874409A497E}.Debug|Any CPU.Build.0 = Debug|Any CPU
		{A004AFCD-18AA-484E-8336-8874409A497E}.Release|Any CPU.ActiveCfg = Release|Any CPU
		{A004AFCD-18AA-484E-8336-8874409A497E}.Release|Any CPU.Build.0 = Release|Any CPU
		{D382058C-BC1E-49AD-8988-AA4D3AE2EBF3}.Debug|Any CPU.ActiveCfg = Debug|Any CPU
		{D382058C-BC1E-49AD-8988-AA4D3AE2EBF3}.Debug|Any CPU.Build.0 = Debug|Any CPU
		{D382058C-BC1E-49AD-8988-AA4D3AE2EBF3}.Release|Any CPU.ActiveCfg = Release|Any CPU
		{D382058C-BC1E-49AD-8988-AA4D3AE2EBF3}.Release|Any CPU.Build.0 = Release|Any CPU
	EndGlobalSection
	GlobalSection(SolutionProperties) = preSolution
		HideSolutionNode = FALSE
	EndGlobalSection
EndGlobal
